<?xml version="1.0" encoding="utf-8"?>
<Project ToolsVersion="4.0" xmlns="http://schemas.microsoft.com/developer/msbuild/2003">
  <ItemGroup>
    <Filter Include="Source Files">
      <UniqueIdentifier>{4FC737F1-C7A5-4376-A066-2A32D752A2FF}</UniqueIdentifier>
      <Extensions>qml;cpp;c;cc;cxx;def;odl;idl;hpj;bat;asm;asmx</Extensions>
    </Filter>
    <Filter Include="Header Files">
      <UniqueIdentifier>{93995380-89BD-4b04-88EB-625FBE52EBFB}</UniqueIdentifier>
      <Extensions>h;hh;hpp;hxx;hm;inl;inc;xsd</Extensions>
    </Filter>
    <Filter Include="Resource Files">
      <UniqueIdentifier>{67DA6AB6-F800-4c08-8B7A-83BB121AAD01}</UniqueIdentifier>
      <Extensions>qrc;rc;ico;cur;bmp;dlg;rc2;rct;bin;rgs;gif;jpg;jpeg;jpe;resx;tiff;tif;png;wav;mfcribbon-ms</Extensions>
    </Filter>
    <Filter Include="Form Files">
      <UniqueIdentifier>{99349809-55BA-4b9d-BF79-8FDBB0286EB3}</UniqueIdentifier>
      <Extensions>ui</Extensions>
    </Filter>
    <Filter Include="Translation Files">
      <UniqueIdentifier>{639EADAA-A684-42e4-A9AD-28FC9BCB8F7C}</UniqueIdentifier>
      <Extensions>ts</Extensions>
    </Filter>
    <Filter Include="Entities Files">
      <UniqueIdentifier>{9abff8b5-facc-4714-ae82-c2ecddb745c4}</UniqueIdentifier>
    </Filter>
    <Filter Include="Header Files\Classes">
      <UniqueIdentifier>{bffde79e-6b5e-4f59-84c0-3d2e089e2aa4}</UniqueIdentifier>
    </Filter>
    <Filter Include="Source Files\Classes">
      <UniqueIdentifier>{5ccea9e3-6ad2-4942-aa6c-0a0d82c847f8}</UniqueIdentifier>
    </Filter>
    <Filter Include="Header Files\Classes\DBService">
      <UniqueIdentifier>{89cd9b24-3628-4b8a-a5c2-f738f47778a1}</UniqueIdentifier>
    </Filter>
    <Filter Include="Source Files\Classes\DBService">
      <UniqueIdentifier>{3e8a1ee4-7562-43ed-af56-472227306d04}</UniqueIdentifier>
    </Filter>
    <Filter Include="Header Files\Classes\DBModels">
      <UniqueIdentifier>{2e162919-ee85-4653-a49c-2f70e9c8399e}</UniqueIdentifier>
    </Filter>
    <Filter Include="Source Files\Classes\DBModels">
      <UniqueIdentifier>{65349e25-2c3b-4575-8e86-8f972c918d3c}</UniqueIdentifier>
    </Filter>
    <Filter Include="Entities Files\Srv Models">
      <UniqueIdentifier>{4ff468a1-183e-440e-9dc3-6b125a9d4581}</UniqueIdentifier>
    </Filter>
    <Filter Include="Controllers">
      <UniqueIdentifier>{8af448a0-2054-4be3-a2a6-357c6506ee2d}</UniqueIdentifier>
    </Filter>
    <Filter Include="Controllers\Room Controller">
      <UniqueIdentifier>{6c692342-3abb-4fad-bb21-e6f8cbb60292}</UniqueIdentifier>
    </Filter>
    <Filter Include="Core">
      <UniqueIdentifier>{ba0d413b-4939-47d8-86cb-a47b8e6072dc}</UniqueIdentifier>
    </Filter>
    <Filter Include="Entities Files\Enums">
      <UniqueIdentifier>{fe703e65-7622-436c-ba72-d99a4cbceb82}</UniqueIdentifier>
    </Filter>
    <Filter Include="Source Files\Classes\DBRepositories">
      <UniqueIdentifier>{f2f82fee-49c1-4032-9008-ff853ee18ab7}</UniqueIdentifier>
    </Filter>
    <Filter Include="Source Files\Classes\DTOHelpers">
      <UniqueIdentifier>{37cf4b0b-197b-451c-aa3f-052b5eb581ee}</UniqueIdentifier>
    </Filter>
    <Filter Include="Header Files\Classes\DBRepositories">
      <UniqueIdentifier>{dcd0cfdb-f8f4-4c92-837d-8e13ae9fe31c}</UniqueIdentifier>
    </Filter>
    <Filter Include="Header Files\Classes\DTOHelpers">
      <UniqueIdentifier>{a44ca6cb-0427-4369-96d0-745af5410e7d}</UniqueIdentifier>
    </Filter>
    <Filter Include="Services">
      <UniqueIdentifier>{c531b894-52d6-40a9-8988-2dc0d72f550b}</UniqueIdentifier>
    </Filter>
    <Filter Include="Services\MessageSaverService">
      <UniqueIdentifier>{029e9118-a866-431c-a00d-e1a05b98636a}</UniqueIdentifier>
    </Filter>
    <Filter Include="Services\LocalStorageService">
      <UniqueIdentifier>{29e78155-5c44-4262-a465-c77595a16d4f}</UniqueIdentifier>
    </Filter>
    <Filter Include="Services\RatingCount_Service">
      <UniqueIdentifier>{e9cd5dfe-a830-4f6f-b7c1-e879e69c93a9}</UniqueIdentifier>
    </Filter>
    <Filter Include="Source Files\Classes\Helpers">
      <UniqueIdentifier>{57824aa4-5aed-45af-8764-6a22bdca8177}</UniqueIdentifier>
    </Filter>
    <Filter Include="Header Files\Classes\Helpers">
      <UniqueIdentifier>{eb740dd8-40ab-4e23-8980-bd6a928d5ff5}</UniqueIdentifier>
    </Filter>
  </ItemGroup>
  <ItemGroup>
    <ClCompile Include="main.cpp">
      <Filter>Source Files</Filter>
    </ClCompile>
    <ClCompile Include="server.cpp">
      <Filter>Source Files</Filter>
    </ClCompile>
    <ClCompile Include="DBRoom.cpp">
      <Filter>Source Files\Classes\DBModels</Filter>
    </ClCompile>
    <ClCompile Include="DBTopic.cpp">
      <Filter>Source Files\Classes\DBModels</Filter>
    </ClCompile>
    <ClCompile Include="DBUser.cpp">
      <Filter>Source Files\Classes\DBModels</Filter>
    </ClCompile>
    <ClCompile Include="DB\JSONS\messages.cpp">
      <Filter>Source Files</Filter>
    </ClCompile>
    <ClCompile Include="DBService.cpp">
      <Filter>Source Files\Classes\DBService</Filter>
    </ClCompile>
    <ClCompile Include="DB\JSONS\messages.cpp">
      <Filter>Source Files</Filter>
    </ClCompile>
    <ClCompile Include="Entities\SrvModels\Message.cpp">
      <Filter>Entities Files\Srv Models</Filter>
    </ClCompile>
    <ClCompile Include="Controllers\RoomController\RoomController.cpp">
      <Filter>Controllers\Room Controller</Filter>
    </ClCompile>
    <ClCompile Include="Core\async_console_win.cpp">
      <Filter>Core</Filter>
    </ClCompile>
    <ClCompile Include="file_repository.cpp">
      <Filter>Source Files</Filter>
    </ClCompile>
    <ClCompile Include="Entities\SrvModels\UserConnection.cpp">
      <Filter>Entities Files\Srv Models</Filter>
    </ClCompile>
    <ClCompile Include="RoomRepository.cpp">
      <Filter>Source Files\Classes\DBRepositories</Filter>
    </ClCompile>
    <ClCompile Include="UserRepository.cpp">
      <Filter>Source Files\Classes\DBRepositories</Filter>
    </ClCompile>
    <ClCompile Include="DTORoom.cpp">
      <Filter>Source Files\Classes\DTOHelpers</Filter>
    </ClCompile>
    <ClCompile Include="DTOUser.cpp">
      <Filter>Source Files\Classes\DTOHelpers</Filter>
    </ClCompile>
    <ClCompile Include="MessageSaver_Service.cpp">
      <Filter>Services\MessageSaverService</Filter>
    </ClCompile>
    <ClCompile Include="LocalStorage_Service.cpp">
      <Filter>Services\LocalStorageService</Filter>
    </ClCompile>
    <ClCompile Include="RatingCounter_Service.cpp">
      <Filter>Services\RatingCount_Service</Filter>
    </ClCompile>
    <ClCompile Include="SwearHelper.cpp">
      <Filter>Source Files\Classes\Helpers</Filter>
    </ClCompile>
  </ItemGroup>
  <ItemGroup>
    <ClInclude Include="DBUser.h">
      <Filter>Header Files\Classes\DBModels</Filter>
    </ClInclude>
    <ClInclude Include="DBRoom.h">
      <Filter>Header Files\Classes\DBModels</Filter>
    </ClInclude>
    <ClInclude Include="DBTopic.h">
      <Filter>Header Files\Classes\DBModels</Filter>
    </ClInclude>
    <ClInclude Include="DBService.h">
      <Filter>Header Files\Classes\DBService</Filter>
    </ClInclude>
    <ClInclude Include="Entities\entities.h">
      <Filter>Entities Files</Filter>
    </ClInclude>
    <ClInclude Include="file_repository.h">
      <Filter>Header Files</Filter>
    </ClInclude>
    <ClInclude Include="Entities\Enums\Enums.h">
      <Filter>Entities Files\Enums</Filter>
    </ClInclude>
    <ClInclude Include="SwearHelper.cpp">
      <Filter>Source Files\Classes\Helpers</Filter>
    </ClInclude>
    <ClInclude Include="DTORoom.h">
      <Filter>Header Files\Classes\DTOHelpers</Filter>
    </ClInclude>
    <ClInclude Include="DTOUser.h">
      <Filter>Header Files\Classes\DTOHelpers</Filter>
    </ClInclude>
    <ClInclude Include="RatingCounter_Service.h">
      <Filter>Services\RatingCount_Service</Filter>
    </ClInclude>
    <ClInclude Include="SwearHelper.h">
      <Filter>Header Files\Classes\Helpers</Filter>
    </ClInclude>
  </ItemGroup>
  <ItemGroup>
    <QtMoc Include="server.h">
      <Filter>Header Files</Filter>
    </QtMoc>
    <QtMoc Include="DB\JSONS\messages.h">
      <Filter>Header Files</Filter>
    </QtMoc>
    <QtMoc Include="Controllers\RoomController\RoomController.h">
      <Filter>Controllers\Room Controller</Filter>
    </QtMoc>
    <QtMoc Include="Entities\SrvModels\Message.h">
      <Filter>Entities Files\Srv Models</Filter>
    </QtMoc>
    <QtMoc Include="Core\async_console_win.h">
      <Filter>Core</Filter>
    </QtMoc>
    <QtMoc Include="Entities\SrvModels\UserConnection.h">
      <Filter>Entities Files\Srv Models</Filter>
    </QtMoc>
    <QtMoc Include="RoomRepository.h">
      <Filter>Header Files\Classes\DBRepositories</Filter>
    </QtMoc>
    <QtMoc Include="UserRepository.h">
      <Filter>Header Files\Classes\DBRepositories</Filter>
    </QtMoc>
    <QtMoc Include="MessageSaver_Service.h">
      <Filter>Services\MessageSaverService</Filter>
    </QtMoc>
    <QtMoc Include="LocalStorage_Service.h">
      <Filter>Services\LocalStorageService</Filter>
    </QtMoc>
    <QtMoc Include="DTORoom.h">
      <Filter>Header Files</Filter>
    </QtMoc>
    <QtMoc Include="DTOUser.h">
      <Filter>Header Files</Filter>
    </QtMoc>
    <QtMoc Include="RatingCounter_Service.h">
      <Filter>Services\RatingCount_Service</Filter>
    </QtMoc>
  </ItemGroup>
  <ItemGroup>
    <None Include="packages.config" />
    <None Include="cpp.hint" />
  </ItemGroup>
  <ItemGroup>
    <ResourceCompile Include="ChatServer.rc">
      <Filter>Resource Files</Filter>
    </ResourceCompile>
  </ItemGroup>
</Project>